{
  "name": "tiktoken-php",
  "lockfileVersion": 3,
  "requires": true,
  "packages": {
    "": {
      "dependencies": {
        "tiktoken": "^1.0.15"
      }
    },
    "node_modules/tiktoken": {
      "version": "1.0.15",
      "resolved": "https://registry.npmjs.org/tiktoken/-/tiktoken-1.0.15.tgz",
      "integrity": "sha512-sCsrq/vMWUSEW29CJLNmPvWxlVp7yh2tlkAjpJltIKqp5CKf98ZNpdeHRmAlPVFlGEbswDc6SmI8vz64W/qErw=="
    }
  }
}
